// !$*UTF8*$!
{
	archiveVersion = 1;
	classes = {
	};
	objectVersion = 46;
	objects = {

/* Begin PBXBuildFile section */
		2D001DE41EB8E229006570DF /* Chameleon.framework in Frameworks */ = {isa = PBXBuildFile; fileRef = 2D001DE31EB8E229006570DF /* Chameleon.framework */; };
		2D08476A1EAC5955002CB13E /* SettingsViewController.swift in Sources */ = {isa = PBXBuildFile; fileRef = 2D0847691EAC5955002CB13E /* SettingsViewController.swift */; };
		2D49DAF51EAAC71F00D212FC /* SwiftyJSON.framework in Frameworks */ = {isa = PBXBuildFile; fileRef = 2D49DAF41EAAC71F00D212FC /* SwiftyJSON.framework */; };
		2D49DAF71EAAEA5B00D212FC /* AlamofireImage.framework in Frameworks */ = {isa = PBXBuildFile; fileRef = 2D49DAF61EAAEA5B00D212FC /* AlamofireImage.framework */; };
		2D610A4C1EAD847400980867 /* AlamofireObjectMapper.framework in Frameworks */ = {isa = PBXBuildFile; fileRef = 2D610A4A1EAD847400980867 /* AlamofireObjectMapper.framework */; };
		2D610A4D1EAD847400980867 /* ObjectMapper.framework in Frameworks */ = {isa = PBXBuildFile; fileRef = 2D610A4B1EAD847400980867 /* ObjectMapper.framework */; };
		2D82C4081EABB6C7003502CA /* HCScrollView.swift in Sources */ = {isa = PBXBuildFile; fileRef = 2D82C4071EABB6C7003502CA /* HCScrollView.swift */; };
		2DBECD8E1EB82D050068ACCC /* Reading.storyboard in Resources */ = {isa = PBXBuildFile; fileRef = 2DBECD8D1EB82D050068ACCC /* Reading.storyboard */; };
		2DBECD901EB82FA20068ACCC /* Settings.storyboard in Resources */ = {isa = PBXBuildFile; fileRef = 2DBECD8F1EB82FA20068ACCC /* Settings.storyboard */; };
		2DF6A3E31EABAB4000808096 /* SinglePageViewController.swift in Sources */ = {isa = PBXBuildFile; fileRef = 2DF6A3E21EABAB4000808096 /* SinglePageViewController.swift */; };
		2DFCCF851EB94B5F002DFF2A /* CacheSettingsTableViewController.swift in Sources */ = {isa = PBXBuildFile; fileRef = 2DFCCF841EB94B5F002DFF2A /* CacheSettingsTableViewController.swift */; };
		2DFCCF871EB94DE2002DFF2A /* RootSettingsViewController.swift in Sources */ = {isa = PBXBuildFile; fileRef = 2DFCCF861EB94DE2002DFF2A /* RootSettingsViewController.swift */; };
		2DFCCF8C1EB952ED002DFF2A /* ServerSettingsTableViewController.swift in Sources */ = {isa = PBXBuildFile; fileRef = 2DFCCF8B1EB952ED002DFF2A /* ServerSettingsTableViewController.swift */; };
		AB1742671E797408005E20AC /* ComicPageViewController.swift in Sources */ = {isa = PBXBuildFile; fileRef = AB1742661E797408005E20AC /* ComicPageViewController.swift */; };
		AB7BC8911EB83DF000CBB635 /* ReaderViewController.swift in Sources */ = {isa = PBXBuildFile; fileRef = AB7BC8901EB83DF000CBB635 /* ReaderViewController.swift */; };
		ABD19EAD1E78BE44009725F3 /* AppDelegate.swift in Sources */ = {isa = PBXBuildFile; fileRef = ABD19EAC1E78BE44009725F3 /* AppDelegate.swift */; };
		ABD19EB21E78BE44009725F3 /* Main.storyboard in Resources */ = {isa = PBXBuildFile; fileRef = ABD19EB01E78BE44009725F3 /* Main.storyboard */; };
		ABD19EB41E78BE44009725F3 /* Assets.xcassets in Resources */ = {isa = PBXBuildFile; fileRef = ABD19EB31E78BE44009725F3 /* Assets.xcassets */; };
		ABD19EB71E78BE44009725F3 /* LaunchScreen.storyboard in Resources */ = {isa = PBXBuildFile; fileRef = ABD19EB51E78BE44009725F3 /* LaunchScreen.storyboard */; };
		ABF4464E1E7987C700233721 /* MainViewController.swift in Sources */ = {isa = PBXBuildFile; fileRef = ABF4464D1E7987C700233721 /* MainViewController.swift */; };
		ABF446501E7998B700233721 /* Alamofire.framework in Frameworks */ = {isa = PBXBuildFile; fileRef = ABF4464F1E7998B700233721 /* Alamofire.framework */; };
/* End PBXBuildFile section */

/* Begin PBXFileReference section */
		2D001DE31EB8E229006570DF /* Chameleon.framework */ = {isa = PBXFileReference; lastKnownFileType = wrapper.framework; name = Chameleon.framework; path = Carthage/Build/iOS/Chameleon.framework; sourceTree = "<group>"; };
		2D0847691EAC5955002CB13E /* SettingsViewController.swift */ = {isa = PBXFileReference; fileEncoding = 4; lastKnownFileType = sourcecode.swift; path = SettingsViewController.swift; sourceTree = "<group>"; };
		2D49DAF41EAAC71F00D212FC /* SwiftyJSON.framework */ = {isa = PBXFileReference; lastKnownFileType = wrapper.framework; name = SwiftyJSON.framework; path = Carthage/Build/iOS/SwiftyJSON.framework; sourceTree = "<group>"; };
		2D49DAF61EAAEA5B00D212FC /* AlamofireImage.framework */ = {isa = PBXFileReference; lastKnownFileType = wrapper.framework; name = AlamofireImage.framework; path = Carthage/Build/iOS/AlamofireImage.framework; sourceTree = "<group>"; };
		2D610A4A1EAD847400980867 /* AlamofireObjectMapper.framework */ = {isa = PBXFileReference; lastKnownFileType = wrapper.framework; name = AlamofireObjectMapper.framework; path = Carthage/Build/iOS/AlamofireObjectMapper.framework; sourceTree = "<group>"; };
		2D610A4B1EAD847400980867 /* ObjectMapper.framework */ = {isa = PBXFileReference; lastKnownFileType = wrapper.framework; name = ObjectMapper.framework; path = Carthage/Build/iOS/ObjectMapper.framework; sourceTree = "<group>"; };
		2D82C4071EABB6C7003502CA /* HCScrollView.swift */ = {isa = PBXFileReference; fileEncoding = 4; lastKnownFileType = sourcecode.swift; path = HCScrollView.swift; sourceTree = "<group>"; };
		2DBECD8D1EB82D050068ACCC /* Reading.storyboard */ = {isa = PBXFileReference; fileEncoding = 4; lastKnownFileType = file.storyboard; path = Reading.storyboard; sourceTree = "<group>"; };
		2DBECD8F1EB82FA20068ACCC /* Settings.storyboard */ = {isa = PBXFileReference; fileEncoding = 4; lastKnownFileType = file.storyboard; path = Settings.storyboard; sourceTree = "<group>"; };
		2DF6A3E21EABAB4000808096 /* SinglePageViewController.swift */ = {isa = PBXFileReference; fileEncoding = 4; lastKnownFileType = sourcecode.swift; path = SinglePageViewController.swift; sourceTree = "<group>"; };
		2DFCCF841EB94B5F002DFF2A /* CacheSettingsTableViewController.swift */ = {isa = PBXFileReference; fileEncoding = 4; lastKnownFileType = sourcecode.swift; path = CacheSettingsTableViewController.swift; sourceTree = "<group>"; };
		2DFCCF861EB94DE2002DFF2A /* RootSettingsViewController.swift */ = {isa = PBXFileReference; fileEncoding = 4; lastKnownFileType = sourcecode.swift; path = RootSettingsViewController.swift; sourceTree = "<group>"; };
		2DFCCF8B1EB952ED002DFF2A /* ServerSettingsTableViewController.swift */ = {isa = PBXFileReference; fileEncoding = 4; lastKnownFileType = sourcecode.swift; path = ServerSettingsTableViewController.swift; sourceTree = "<group>"; };
		AB1742661E797408005E20AC /* ComicPageViewController.swift */ = {isa = PBXFileReference; fileEncoding = 4; lastKnownFileType = sourcecode.swift; path = ComicPageViewController.swift; sourceTree = "<group>"; };
		AB7BC8901EB83DF000CBB635 /* ReaderViewController.swift */ = {isa = PBXFileReference; fileEncoding = 4; lastKnownFileType = sourcecode.swift; path = ReaderViewController.swift; sourceTree = "<group>"; };
		ABD19EA91E78BE44009725F3 /* HomeComics.app */ = {isa = PBXFileReference; explicitFileType = wrapper.application; includeInIndex = 0; path = HomeComics.app; sourceTree = BUILT_PRODUCTS_DIR; };
		ABD19EAC1E78BE44009725F3 /* AppDelegate.swift */ = {isa = PBXFileReference; lastKnownFileType = sourcecode.swift; path = AppDelegate.swift; sourceTree = "<group>"; };
		ABD19EB11E78BE44009725F3 /* Base */ = {isa = PBXFileReference; lastKnownFileType = file.storyboard; name = Base; path = Base.lproj/Main.storyboard; sourceTree = "<group>"; };
		ABD19EB31E78BE44009725F3 /* Assets.xcassets */ = {isa = PBXFileReference; lastKnownFileType = folder.assetcatalog; path = Assets.xcassets; sourceTree = "<group>"; };
		ABD19EB61E78BE44009725F3 /* Base */ = {isa = PBXFileReference; lastKnownFileType = file.storyboard; name = Base; path = Base.lproj/LaunchScreen.storyboard; sourceTree = "<group>"; };
		ABD19EB81E78BE44009725F3 /* Info.plist */ = {isa = PBXFileReference; lastKnownFileType = text.plist.xml; path = Info.plist; sourceTree = "<group>"; };
		ABF4464D1E7987C700233721 /* MainViewController.swift */ = {isa = PBXFileReference; fileEncoding = 4; lastKnownFileType = sourcecode.swift; path = MainViewController.swift; sourceTree = "<group>"; };
		ABF4464F1E7998B700233721 /* Alamofire.framework */ = {isa = PBXFileReference; lastKnownFileType = wrapper.framework; name = Alamofire.framework; path = Carthage/Build/iOS/Alamofire.framework; sourceTree = "<group>"; };
/* End PBXFileReference section */

/* Begin PBXFrameworksBuildPhase section */
		ABD19EA61E78BE43009725F3 /* Frameworks */ = {
			isa = PBXFrameworksBuildPhase;
			buildActionMask = 2147483647;
			files = (
				2D001DE41EB8E229006570DF /* Chameleon.framework in Frameworks */,
				2D610A4C1EAD847400980867 /* AlamofireObjectMapper.framework in Frameworks */,
				2D610A4D1EAD847400980867 /* ObjectMapper.framework in Frameworks */,
				2D49DAF71EAAEA5B00D212FC /* AlamofireImage.framework in Frameworks */,
				2D49DAF51EAAC71F00D212FC /* SwiftyJSON.framework in Frameworks */,
				ABF446501E7998B700233721 /* Alamofire.framework in Frameworks */,
			);
			runOnlyForDeploymentPostprocessing = 0;
		};
/* End PBXFrameworksBuildPhase section */

/* Begin PBXGroup section */
		2DCA92B81EABF9A4003918E3 /* View Controllers */ = {
			isa = PBXGroup;
			children = (
				2DFCCF881EB952AD002DFF2A /* Settings */,
				2D0847691EAC5955002CB13E /* SettingsViewController.swift */,
				2DF6A3E21EABAB4000808096 /* SinglePageViewController.swift */,
				AB1742661E797408005E20AC /* ComicPageViewController.swift */,
				ABF4464D1E7987C700233721 /* MainViewController.swift */,
				AB7BC8901EB83DF000CBB635 /* ReaderViewController.swift */,
			);
			name = "View Controllers";
			sourceTree = "<group>";
		};
		2DCA92B91EABF9D0003918E3 /* Storyboards */ = {
			isa = PBXGroup;
			children = (
				ABD19EB01E78BE44009725F3 /* Main.storyboard */,
				2DBECD8D1EB82D050068ACCC /* Reading.storyboard */,
				2DBECD8F1EB82FA20068ACCC /* Settings.storyboard */,
			);
			name = Storyboards;
			sourceTree = "<group>";
		};
		2DCA92BA1EABF9E0003918E3 /* Components */ = {
			isa = PBXGroup;
			children = (
				2D82C4071EABB6C7003502CA /* HCScrollView.swift */,
			);
			name = Components;
			sourceTree = "<group>";
		};
		2DFCCF881EB952AD002DFF2A /* Settings */ = {
			isa = PBXGroup;
			children = (
				2DFCCF841EB94B5F002DFF2A /* CacheSettingsTableViewController.swift */,
				2DFCCF861EB94DE2002DFF2A /* RootSettingsViewController.swift */,
				2DFCCF8B1EB952ED002DFF2A /* ServerSettingsTableViewController.swift */,
			);
			name = Settings;
			sourceTree = "<group>";
		};
		ABD19EA01E78BE43009725F3 = {
			isa = PBXGroup;
			children = (
				ABD19EAB1E78BE44009725F3 /* HomeComics */,
				ABD19EAA1E78BE44009725F3 /* Products */,
				ABF446451E79854000233721 /* Frameworks */,
			);
			sourceTree = "<group>";
		};
		ABD19EAA1E78BE44009725F3 /* Products */ = {
			isa = PBXGroup;
			children = (
				ABD19EA91E78BE44009725F3 /* HomeComics.app */,
			);
			name = Products;
			sourceTree = "<group>";
		};
		ABD19EAB1E78BE44009725F3 /* HomeComics */ = {
			isa = PBXGroup;
			children = (
				2DCA92B81EABF9A4003918E3 /* View Controllers */,
				ABD19EAC1E78BE44009725F3 /* AppDelegate.swift */,
				2DCA92B91EABF9D0003918E3 /* Storyboards */,
				2DCA92BA1EABF9E0003918E3 /* Components */,
				ABD19EB51E78BE44009725F3 /* LaunchScreen.storyboard */,
				ABD19EB31E78BE44009725F3 /* Assets.xcassets */,
				ABD19EB81E78BE44009725F3 /* Info.plist */,
			);
			path = HomeComics;
			sourceTree = "<group>";
		};
		ABF446451E79854000233721 /* Frameworks */ = {
			isa = PBXGroup;
			children = (
				2D001DE31EB8E229006570DF /* Chameleon.framework */,
				2D610A4A1EAD847400980867 /* AlamofireObjectMapper.framework */,
				2D610A4B1EAD847400980867 /* ObjectMapper.framework */,
				2D49DAF61EAAEA5B00D212FC /* AlamofireImage.framework */,
				2D49DAF41EAAC71F00D212FC /* SwiftyJSON.framework */,
				ABF4464F1E7998B700233721 /* Alamofire.framework */,
			);
			name = Frameworks;
			sourceTree = "<group>";
		};
/* End PBXGroup section */

/* Begin PBXNativeTarget section */
		ABD19EA81E78BE43009725F3 /* HomeComics */ = {
			isa = PBXNativeTarget;
			buildConfigurationList = ABD19EBB1E78BE44009725F3 /* Build configuration list for PBXNativeTarget "HomeComics" */;
			buildPhases = (
				ABD19EA51E78BE43009725F3 /* Sources */,
				ABD19EA61E78BE43009725F3 /* Frameworks */,
				ABD19EA71E78BE43009725F3 /* Resources */,
				ABF4464C1E79870200233721 /* ShellScript */,
			);
			buildRules = (
			);
			dependencies = (
			);
			name = HomeComics;
			productName = HomeComics;
			productReference = ABD19EA91E78BE44009725F3 /* HomeComics.app */;
			productType = "com.apple.product-type.application";
		};
/* End PBXNativeTarget section */

/* Begin PBXProject section */
		ABD19EA11E78BE43009725F3 /* Project object */ = {
			isa = PBXProject;
			attributes = {
				LastSwiftUpdateCheck = 0820;
				LastUpgradeCheck = 0820;
				ORGANIZATIONNAME = "Jean Sarda";
				TargetAttributes = {
					ABD19EA81E78BE43009725F3 = {
						CreatedOnToolsVersion = 8.2.1;
						DevelopmentTeam = 87SB87GRTA;
						ProvisioningStyle = Automatic;
					};
				};
			};
			buildConfigurationList = ABD19EA41E78BE43009725F3 /* Build configuration list for PBXProject "HomeComics" */;
			compatibilityVersion = "Xcode 3.2";
			developmentRegion = English;
			hasScannedForEncodings = 0;
			knownRegions = (
				en,
				Base,
			);
			mainGroup = ABD19EA01E78BE43009725F3;
			productRefGroup = ABD19EAA1E78BE44009725F3 /* Products */;
			projectDirPath = "";
			projectRoot = "";
			targets = (
				ABD19EA81E78BE43009725F3 /* HomeComics */,
			);
		};
/* End PBXProject section */

/* Begin PBXResourcesBuildPhase section */
		ABD19EA71E78BE43009725F3 /* Resources */ = {
			isa = PBXResourcesBuildPhase;
			buildActionMask = 2147483647;
			files = (
				ABD19EB71E78BE44009725F3 /* LaunchScreen.storyboard in Resources */,
				ABD19EB41E78BE44009725F3 /* Assets.xcassets in Resources */,
				ABD19EB21E78BE44009725F3 /* Main.storyboard in Resources */,
				2DBECD8E1EB82D050068ACCC /* Reading.storyboard in Resources */,
				2DBECD901EB82FA20068ACCC /* Settings.storyboard in Resources */,
			);
			runOnlyForDeploymentPostprocessing = 0;
		};
/* End PBXResourcesBuildPhase section */

/* Begin PBXShellScriptBuildPhase section */
		ABF4464C1E79870200233721 /* ShellScript */ = {
			isa = PBXShellScriptBuildPhase;
			buildActionMask = 2147483647;
			files = (
			);
			inputPaths = (
				"$(SRCROOT)/Carthage/Build/iOS/Alamofire.framework",
				"$(SRCROOT)/Carthage/Build/iOS/SwiftyJSON.framework",
				"$(SRCROOT)/Carthage/Build/iOS/AlamofireImage.framework",
				"$(SRCROOT)/Carthage/Build/iOS/ObjectMapper.framework",
				"$(SRCROOT)/Carthage/Build/iOS/AlamofireObjectMapper.framework",
				"$(SRCROOT)/Carthage/Build/iOS/Chameleon.framework",
			);
			outputPaths = (
			);
			runOnlyForDeploymentPostprocessing = 0;
			shellPath = /bin/sh;
			shellScript = "/usr/local/bin/carthage copy-frameworks";
		};
/* End PBXShellScriptBuildPhase section */

/* Begin PBXSourcesBuildPhase section */
		ABD19EA51E78BE43009725F3 /* Sources */ = {
			isa = PBXSourcesBuildPhase;
			buildActionMask = 2147483647;
			files = (
				ABF4464E1E7987C700233721 /* MainViewController.swift in Sources */,
				2D82C4081EABB6C7003502CA /* HCScrollView.swift in Sources */,
				AB7BC8911EB83DF000CBB635 /* ReaderViewController.swift in Sources */,
				ABD19EAD1E78BE44009725F3 /* AppDelegate.swift in Sources */,
				AB1742671E797408005E20AC /* ComicPageViewController.swift in Sources */,
				2DFCCF851EB94B5F002DFF2A /* CacheSettingsTableViewController.swift in Sources */,
				2DF6A3E31EABAB4000808096 /* SinglePageViewController.swift in Sources */,
				2DFCCF871EB94DE2002DFF2A /* RootSettingsViewController.swift in Sources */,
				2D08476A1EAC5955002CB13E /* SettingsViewController.swift in Sources */,
				2DFCCF8C1EB952ED002DFF2A /* ServerSettingsTableViewController.swift in Sources */,
			);
			runOnlyForDeploymentPostprocessing = 0;
		};
/* End PBXSourcesBuildPhase section */

/* Begin PBXVariantGroup section */
		ABD19EB01E78BE44009725F3 /* Main.storyboard */ = {
			isa = PBXVariantGroup;
			children = (
				ABD19EB11E78BE44009725F3 /* Base */,
			);
			name = Main.storyboard;
			sourceTree = "<group>";
		};
		ABD19EB51E78BE44009725F3 /* LaunchScreen.storyboard */ = {
			isa = PBXVariantGroup;
			children = (
				ABD19EB61E78BE44009725F3 /* Base */,
			);
			name = LaunchScreen.storyboard;
			sourceTree = "<group>";
		};
/* End PBXVariantGroup section */

/* Begin XCBuildConfiguration section */
		ABD19EB91E78BE44009725F3 /* Debug */ = {
			isa = XCBuildConfiguration;
			buildSettings = {
				ALWAYS_SEARCH_USER_PATHS = NO;
				CLANG_ANALYZER_NONNULL = YES;
				CLANG_CXX_LANGUAGE_STANDARD = "gnu++0x";
				CLANG_CXX_LIBRARY = "libc++";
				CLANG_ENABLE_MODULES = YES;
				CLANG_ENABLE_OBJC_ARC = YES;
				CLANG_WARN_BOOL_CONVERSION = YES;
				CLANG_WARN_CONSTANT_CONVERSION = YES;
				CLANG_WARN_DIRECT_OBJC_ISA_USAGE = YES_ERROR;
				CLANG_WARN_DOCUMENTATION_COMMENTS = YES;
				CLANG_WARN_EMPTY_BODY = YES;
				CLANG_WARN_ENUM_CONVERSION = YES;
				CLANG_WARN_INFINITE_RECURSION = YES;
				CLANG_WARN_INT_CONVERSION = YES;
				CLANG_WARN_OBJC_ROOT_CLASS = YES_ERROR;
				CLANG_WARN_SUSPICIOUS_MOVE = YES;
				CLANG_WARN_UNREACHABLE_CODE = YES;
				CLANG_WARN__DUPLICATE_METHOD_MATCH = YES;
				"CODE_SIGN_IDENTITY[sdk=iphoneos*]" = "iPhone Developer";
				COPY_PHASE_STRIP = NO;
				DEBUG_INFORMATION_FORMAT = dwarf;
				ENABLE_STRICT_OBJC_MSGSEND = YES;
				ENABLE_TESTABILITY = YES;
				GCC_C_LANGUAGE_STANDARD = gnu99;
				GCC_DYNAMIC_NO_PIC = NO;
				GCC_NO_COMMON_BLOCKS = YES;
				GCC_OPTIMIZATION_LEVEL = 0;
				GCC_PREPROCESSOR_DEFINITIONS = (
					"DEBUG=1",
					"$(inherited)",
				);
				GCC_WARN_64_TO_32_BIT_CONVERSION = YES;
				GCC_WARN_ABOUT_RETURN_TYPE = YES_ERROR;
				GCC_WARN_UNDECLARED_SELECTOR = YES;
				GCC_WARN_UNINITIALIZED_AUTOS = YES_AGGRESSIVE;
				GCC_WARN_UNUSED_FUNCTION = YES;
				GCC_WARN_UNUSED_VARIABLE = YES;
				IPHONEOS_DEPLOYMENT_TARGET = 10.2;
				MTL_ENABLE_DEBUG_INFO = YES;
				ONLY_ACTIVE_ARCH = YES;
				SDKROOT = iphoneos;
				SWIFT_ACTIVE_COMPILATION_CONDITIONS = DEBUG;
				SWIFT_OPTIMIZATION_LEVEL = "-Onone";
				TARGETED_DEVICE_FAMILY = "1,2";
			};
			name = Debug;
		};
		ABD19EBA1E78BE44009725F3 /* Release */ = {
			isa = XCBuildConfiguration;
			buildSettings = {
				ALWAYS_SEARCH_USER_PATHS = NO;
				CLANG_ANALYZER_NONNULL = YES;
				CLANG_CXX_LANGUAGE_STANDARD = "gnu++0x";
				CLANG_CXX_LIBRARY = "libc++";
				CLANG_ENABLE_MODULES = YES;
				CLANG_ENABLE_OBJC_ARC = YES;
				CLANG_WARN_BOOL_CONVERSION = YES;
				CLANG_WARN_CONSTANT_CONVERSION = YES;
				CLANG_WARN_DIRECT_OBJC_ISA_USAGE = YES_ERROR;
				CLANG_WARN_DOCUMENTATION_COMMENTS = YES;
				CLANG_WARN_EMPTY_BODY = YES;
				CLANG_WARN_ENUM_CONVERSION = YES;
				CLANG_WARN_INFINITE_RECURSION = YES;
				CLANG_WARN_INT_CONVERSION = YES;
				CLANG_WARN_OBJC_ROOT_CLASS = YES_ERROR;
				CLANG_WARN_SUSPICIOUS_MOVE = YES;
				CLANG_WARN_UNREACHABLE_CODE = YES;
				CLANG_WARN__DUPLICATE_METHOD_MATCH = YES;
				"CODE_SIGN_IDENTITY[sdk=iphoneos*]" = "iPhone Developer";
				COPY_PHASE_STRIP = NO;
				DEBUG_INFORMATION_FORMAT = "dwarf-with-dsym";
				ENABLE_NS_ASSERTIONS = NO;
				ENABLE_STRICT_OBJC_MSGSEND = YES;
				GCC_C_LANGUAGE_STANDARD = gnu99;
				GCC_NO_COMMON_BLOCKS = YES;
				GCC_WARN_64_TO_32_BIT_CONVERSION = YES;
				GCC_WARN_ABOUT_RETURN_TYPE = YES_ERROR;
				GCC_WARN_UNDECLARED_SELECTOR = YES;
				GCC_WARN_UNINITIALIZED_AUTOS = YES_AGGRESSIVE;
				GCC_WARN_UNUSED_FUNCTION = YES;
				GCC_WARN_UNUSED_VARIABLE = YES;
				IPHONEOS_DEPLOYMENT_TARGET = 10.2;
				MTL_ENABLE_DEBUG_INFO = NO;
				SDKROOT = iphoneos;
				SWIFT_OPTIMIZATION_LEVEL = "-Owholemodule";
				TARGETED_DEVICE_FAMILY = "1,2";
				VALIDATE_PRODUCT = YES;
			};
			name = Release;
		};
		ABD19EBC1E78BE44009725F3 /* Debug */ = {
			isa = XCBuildConfiguration;
			buildSettings = {
				ASSETCATALOG_COMPILER_APPICON_NAME = AppIcon;
				DEVELOPMENT_TEAM = 87SB87GRTA;
				FRAMEWORK_SEARCH_PATHS = (
					"$(inherited)",
					"$(PROJECT_DIR)/Carthage/Build/iOS",
				);
				INFOPLIST_FILE = HomeComics/Info.plist;
				LD_RUNPATH_SEARCH_PATHS = "$(inherited) @executable_path/Frameworks";
				PRODUCT_BUNDLE_IDENTIFIER = com.jeansarda.HomeComics;
				PRODUCT_NAME = "$(TARGET_NAME)";
				SWIFT_VERSION = 3.0;
			};
			name = Debug;
		};
		ABD19EBD1E78BE44009725F3 /* Release */ = {
			isa = XCBuildConfiguration;
			buildSettings = {
				ASSETCATALOG_COMPILER_APPICON_NAME = AppIcon;
				DEVELOPMENT_TEAM = 87SB87GRTA;
				FRAMEWORK_SEARCH_PATHS = (
					"$(inherited)",
					"$(PROJECT_DIR)/Carthage/Build/iOS",
				);
				INFOPLIST_FILE = HomeComics/Info.plist;
				LD_RUNPATH_SEARCH_PATHS = "$(inherited) @executable_path/Frameworks";
				PRODUCT_BUNDLE_IDENTIFIER = com.jeansarda.HomeComics;
				PRODUCT_NAME = "$(TARGET_NAME)";
				SWIFT_VERSION = 3.0;
			};
			name = Release;
		};
/* End XCBuildConfiguration section */

/* Begin XCConfigurationList section */
		ABD19EA41E78BE43009725F3 /* Build configuration list for PBXProject "HomeComics" */ = {
			isa = XCConfigurationList;
			buildConfigurations = (
				ABD19EB91E78BE44009725F3 /* Debug */,
				ABD19EBA1E78BE44009725F3 /* Release */,
			);
			defaultConfigurationIsVisible = 0;
			defaultConfigurationName = Release;
		};
		ABD19EBB1E78BE44009725F3 /* Build configuration list for PBXNativeTarget "HomeComics" */ = {
			isa = XCConfigurationList;
			buildConfigurations = (
				ABD19EBC1E78BE44009725F3 /* Debug */,
				ABD19EBD1E78BE44009725F3 /* Release */,
			);
			defaultConfigurationIsVisible = 0;
			defaultConfigurationName = Release;
		};
/* End XCConfigurationList section */
	};
	rootObject = ABD19EA11E78BE43009725F3 /* Project object */;
}
